// !$*UTF8*$!
{
	archiveVersion = 1;
	classes = {
	};
	objectVersion = 46;
	objects = {

/* Begin PBXBuildFile section */
		82CF69921D912B2C00890864 /* AppDelegate.swift in Sources */ = {isa = PBXBuildFile; fileRef = 82CF69911D912B2C00890864 /* AppDelegate.swift */; };
		82CF69971D912B2C00890864 /* Main.storyboard in Resources */ = {isa = PBXBuildFile; fileRef = 82CF69951D912B2C00890864 /* Main.storyboard */; };
		82CF69991D912B2C00890864 /* Assets.xcassets in Resources */ = {isa = PBXBuildFile; fileRef = 82CF69981D912B2C00890864 /* Assets.xcassets */; };
		82CF699C1D912B2C00890864 /* LaunchScreen.storyboard in Resources */ = {isa = PBXBuildFile; fileRef = 82CF699A1D912B2C00890864 /* LaunchScreen.storyboard */; };
		82CF69A81D912D2D00890864 /* VideoBackgroundViewController.swift in Sources */ = {isa = PBXBuildFile; fileRef = 82CF69A71D912D2D00890864 /* VideoBackgroundViewController.swift */; };
/* End PBXBuildFile section */

/* Begin PBXFileReference section */
		829A53B51D9273DF00755DF4 /* spotify.mp4 */ = {isa = PBXFileReference; lastKnownFileType = file; path = spotify.mp4; sourceTree = "<group>"; };
		82CF698E1D912B2C00890864 /* Project 06 - VideoBackground.app */ = {isa = PBXFileReference; explicitFileType = wrapper.application; includeInIndex = 0; path = "Project 06 - VideoBackground.app"; sourceTree = BUILT_PRODUCTS_DIR; };
		82CF69911D912B2C00890864 /* AppDelegate.swift */ = {isa = PBXFileReference; lastKnownFileType = sourcecode.swift; path = AppDelegate.swift; sourceTree = "<group>"; };
		82CF69961D912B2C00890864 /* Base */ = {isa = PBXFileReference; lastKnownFileType = file.storyboard; name = Base; path = Base.lproj/Main.storyboard; sourceTree = "<group>"; };
		82CF69981D912B2C00890864 /* Assets.xcassets */ = {isa = PBXFileReference; lastKnownFileType = folder.assetcatalog; path = Assets.xcassets; sourceTree = "<group>"; };
		82CF699B1D912B2C00890864 /* Base */ = {isa = PBXFileReference; lastKnownFileType = file.storyboard; name = Base; path = Base.lproj/LaunchScreen.storyboard; sourceTree = "<group>"; };
		82CF699D1D912B2C00890864 /* Info.plist */ = {isa = PBXFileReference; lastKnownFileType = text.plist.xml; path = Info.plist; sourceTree = "<group>"; };
		82CF69A71D912D2D00890864 /* VideoBackgroundViewController.swift */ = {isa = PBXFileReference; fileEncoding = 4; lastKnownFileType = sourcecode.swift; name = VideoBackgroundViewController.swift; path = ../VideoBackgroundViewController.swift; sourceTree = "<group>"; };
/* End PBXFileReference section */

/* Begin PBXFrameworksBuildPhase section */
		82CF698B1D912B2C00890864 /* Frameworks */ = {
			isa = PBXFrameworksBuildPhase;
			buildActionMask = 2147483647;
			files = (
			);
			runOnlyForDeploymentPostprocessing = 0;
		};
/* End PBXFrameworksBuildPhase section */

/* Begin PBXGroup section */
		82CF69851D912B2C00890864 = {
			isa = PBXGroup;
			children = (
				82CF69901D912B2C00890864 /* Project 06 - VideoBackground */,
				82CF698F1D912B2C00890864 /* Products */,
			);
			sourceTree = "<group>";
		};
		82CF698F1D912B2C00890864 /* Products */ = {
			isa = PBXGroup;
			children = (
				82CF698E1D912B2C00890864 /* Project 06 - VideoBackground.app */,
			);
			name = Products;
			sourceTree = "<group>";
		};
		82CF69901D912B2C00890864 /* Project 06 - VideoBackground */ = {
			isa = PBXGroup;
			children = (
				829A53B51D9273DF00755DF4 /* spotify.mp4 */,
				82CF69911D912B2C00890864 /* AppDelegate.swift */,
				82CF69951D912B2C00890864 /* Main.storyboard */,
				82CF69981D912B2C00890864 /* Assets.xcassets */,
				82CF699A1D912B2C00890864 /* LaunchScreen.storyboard */,
				82CF699D1D912B2C00890864 /* Info.plist */,
				82CF69A71D912D2D00890864 /* VideoBackgroundViewController.swift */,
			);
			path = "Project 06 - VideoBackground";
			sourceTree = "<group>";
		};
/* End PBXGroup section */

/* Begin PBXNativeTarget section */
		82CF698D1D912B2C00890864 /* Project 06 - VideoBackground */ = {
			isa = PBXNativeTarget;
			buildConfigurationList = 82CF69A01D912B2C00890864 /* Build configuration list for PBXNativeTarget "Project 06 - VideoBackground" */;
			buildPhases = (
				82CF698A1D912B2C00890864 /* Sources */,
				82CF698B1D912B2C00890864 /* Frameworks */,
				82CF698C1D912B2C00890864 /* Resources */,
			);
			buildRules = (
			);
			dependencies = (
			);
			name = "Project 06 - VideoBackground";
			productName = "Project 06 - VideoBackground";
			productReference = 82CF698E1D912B2C00890864 /* Project 06 - VideoBackground.app */;
			productType = "com.apple.product-type.application";
		};
/* End PBXNativeTarget section */

/* Begin PBXProject section */
		82CF69861D912B2C00890864 /* Project object */ = {
			isa = PBXProject;
			attributes = {
				LastSwiftUpdateCheck = 0800;
				LastUpgradeCheck = 0800;
				ORGANIZATIONNAME = Jamie;
				TargetAttributes = {
					82CF698D1D912B2C00890864 = {
						CreatedOnToolsVersion = 8.0;
						DevelopmentTeam = CQ3QHZAB4D;
						ProvisioningStyle = Automatic;
					};
				};
			};
			buildConfigurationList = 82CF69891D912B2C00890864 /* Build configuration list for PBXProject "Project 06 - VideoBackground" */;
			compatibilityVersion = "Xcode 3.2";
			developmentRegion = English;
			hasScannedForEncodings = 0;
			knownRegions = (
				en,
				Base,
			);
			mainGroup = 82CF69851D912B2C00890864;
			productRefGroup = 82CF698F1D912B2C00890864 /* Products */;
			projectDirPath = "";
			projectRoot = "";
			targets = (
				82CF698D1D912B2C00890864 /* Project 06 - VideoBackground */,
			);
		};
/* End PBXProject section */

/* Begin PBXResourcesBuildPhase section */
		82CF698C1D912B2C00890864 /* Resources */ = {
			isa = PBXResourcesBuildPhase;
			buildActionMask = 2147483647;
			files = (
				82CF699C1D912B2C00890864 /* LaunchScreen.storyboard in Resources */,
				82CF69991D912B2C00890864 /* Assets.xcassets in Resources */,
				82CF69971D912B2C00890864 /* Main.storyboard in Resources */,
			);
			runOnlyForDeploymentPostprocessing = 0;
		};
/* End PBXResourcesBuildPhase section */

/* Begin PBXSourcesBuildPhase section */
		82CF698A1D912B2C00890864 /* Sources */ = {
			isa = PBXSourcesBuildPhase;
			buildActionMask = 2147483647;
			files = (
				82CF69A81D912D2D00890864 /* VideoBackgroundViewController.swift in Sources */,
				82CF69921D912B2C00890864 /* AppDelegate.swift in Sources */,
			);
			runOnlyForDeploymentPostprocessing = 0;
		};
/* End PBXSourcesBuildPhase section */

/* Begin PBXVariantGroup section */
		82CF69951D912B2C00890864 /* Main.storyboard */ = {
			isa = PBXVariantGroup;
			children = (
				82CF69961D912B2C00890864 /* Base */,
			);
			name = Main.storyboard;
			sourceTree = "<group>";
		};
		82CF699A1D912B2C00890864 /* LaunchScreen.storyboard */ = {
			isa = PBXVariantGroup;
			children = (
				82CF699B1D912B2C00890864 /* Base */,
			);
			name = LaunchScreen.storyboard;
			sourceTree = "<group>";
		};
/* End PBXVariantGroup section */

/* Begin XCBuildConfiguration section */
		82CF699E1D912B2C00890864 /* Debug */ = {
			isa = XCBuildConfiguration;
			buildSettings = {
				ALWAYS_SEARCH_USER_PATHS = NO;
				CLANG_ANALYZER_NONNULL = YES;
				CLANG_CXX_LANGUAGE_STANDARD = "gnu++0x";
				CLANG_CXX_LIBRARY = "libc++";
				CLANG_ENABLE_MODULES = YES;
				CLANG_ENABLE_OBJC_ARC = YES;
				CLANG_WARN_BOOL_CONVERSION = YES;
				CLANG_WARN_CONSTANT_CONVERSION = YES;
				CLANG_WARN_DIRECT_OBJC_ISA_USAGE = YES_ERROR;
				CLANG_WARN_DOCUMENTATION_COMMENTS = YES;
				CLANG_WARN_EMPTY_BODY = YES;
				CLANG_WARN_ENUM_CONVERSION = YES;
				CLANG_WARN_INFINITE_RECURSION = YES;
				CLANG_WARN_INT_CONVERSION = YES;
				CLANG_WARN_OBJC_ROOT_CLASS = YES_ERROR;
				CLANG_WARN_SUSPICIOUS_MOVES = YES;
				CLANG_WARN_UNREACHABLE_CODE = YES;
				CLANG_WARN__DUPLICATE_METHOD_MATCH = YES;
				"CODE_SIGN_IDENTITY[sdk=iphoneos*]" = "iPhone Developer";
				COPY_PHASE_STRIP = NO;
				DEBUG_INFORMATION_FORMAT = dwarf;
				ENABLE_STRICT_OBJC_MSGSEND = YES;
				ENABLE_TESTABILITY = YES;
				GCC_C_LANGUAGE_STANDARD = gnu99;
				GCC_DYNAMIC_NO_PIC = NO;
				GCC_NO_COMMON_BLOCKS = YES;
				GCC_OPTIMIZATION_LEVEL = 0;
				GCC_PREPROCESSOR_DEFINITIONS = (
					"DEBUG=1",
					"$(inherited)",
				);
				GCC_WARN_64_TO_32_BIT_CONVERSION = YES;
				GCC_WARN_ABOUT_RETURN_TYPE = YES_ERROR;
				GCC_WARN_UNDECLARED_SELECTOR = YES;
				GCC_WARN_UNINITIALIZED_AUTOS = YES_AGGRESSIVE;
				GCC_WARN_UNUSED_FUNCTION = YES;
				GCC_WARN_UNUSED_VARIABLE = YES;
				IPHONEOS_DEPLOYMENT_TARGET = 10.0;
				MTL_ENABLE_DEBUG_INFO = YES;
				ONLY_ACTIVE_ARCH = YES;
				SDKROOT = iphoneos;
				SWIFT_ACTIVE_COMPILATION_CONDITIONS = DEBUG;
				SWIFT_OPTIMIZATION_LEVEL = "-Onone";
			};
			name = Debug;
		};
		82CF699F1D912B2C00890864 /* Release */ = {
			isa = XCBuildConfiguration;
			buildSettings = {
				ALWAYS_SEARCH_USER_PATHS = NO;
				CLANG_ANALYZER_NONNULL = YES;
				CLANG_CXX_LANGUAGE_STANDARD = "gnu++0x";
				CLANG_CXX_LIBRARY = "libc++";
				CLANG_ENABLE_MODULES = YES;
				CLANG_ENABLE_OBJC_ARC = YES;
				CLANG_WARN_BOOL_CONVERSION = YES;
				CLANG_WARN_CONSTANT_CONVERSION = YES;
				CLANG_WARN_DIRECT_OBJC_ISA_USAGE = YES_ERROR;
				CLANG_WARN_DOCUMENTATION_COMMENTS = YES;
				CLANG_WARN_EMPTY_BODY = YES;
				CLANG_WARN_ENUM_CONVERSION = YES;
				CLANG_WARN_INFINITE_RECURSION = YES;
				CLANG_WARN_INT_CONVERSION = YES;
				CLANG_WARN_OBJC_ROOT_CLASS = YES_ERROR;
				CLANG_WARN_SUSPICIOUS_MOVES = YES;
				CLANG_WARN_UNREACHABLE_CODE = YES;
				CLANG_WARN__DUPLICATE_METHOD_MATCH = YES;
				"CODE_SIGN_IDENTITY[sdk=iphoneos*]" = "iPhone Developer";
				COPY_PHASE_STRIP = NO;
				DEBUG_INFORMATION_FORMAT = "dwarf-with-dsym";
				ENABLE_NS_ASSERTIONS = NO;
				ENABLE_STRICT_OBJC_MSGSEND = YES;
				GCC_C_LANGUAGE_STANDARD = gnu99;
				GCC_NO_COMMON_BLOCKS = YES;
				GCC_WARN_64_TO_32_BIT_CONVERSION = YES;
				GCC_WARN_ABOUT_RETURN_TYPE = YES_ERROR;
				GCC_WARN_UNDECLARED_SELECTOR = YES;
				GCC_WARN_UNINITIALIZED_AUTOS = YES_AGGRESSIVE;
				GCC_WARN_UNUSED_FUNCTION = YES;
				GCC_WARN_UNUSED_VARIABLE = YES;
				IPHONEOS_DEPLOYMENT_TARGET = 10.0;
				MTL_ENABLE_DEBUG_INFO = NO;
				SDKROOT = iphoneos;
				SWIFT_OPTIMIZATION_LEVEL = "-Owholemodule";
				VALIDATE_PRODUCT = YES;
			};
			name = Release;
		};
		82CF69A11D912B2C00890864 /* Debug */ = {
			isa = XCBuildConfiguration;
			buildSettings = {
				ASSETCATALOG_COMPILER_APPICON_NAME = AppIcon;
				DEVELOPMENT_TEAM = CQ3QHZAB4D;
				INFOPLIST_FILE = "Project 06 - VideoBackground/Info.plist";
				LD_RUNPATH_SEARCH_PATHS = "$(inherited) @executable_path/Frameworks";
				PRODUCT_BUNDLE_IDENTIFIER = "com.jamie.Project-06---VideoBackground";
				PRODUCT_NAME = "$(TARGET_NAME)";
				SWIFT_VERSION = 3.0;
			};
			name = Debug;
		};
		82CF69A21D912B2C00890864 /* Release */ = {
			isa = XCBuildConfiguration;
			buildSettings = {
				ASSETCATALOG_COMPILER_APPICON_NAME = AppIcon;
				DEVELOPMENT_TEAM = CQ3QHZAB4D;
				INFOPLIST_FILE = "Project 06 - VideoBackground/Info.plist";
				LD_RUNPATH_SEARCH_PATHS = "$(inherited) @executable_path/Frameworks";
				PRODUCT_BUNDLE_IDENTIFIER = "com.jamie.Project-06---VideoBackground";
				PRODUCT_NAME = "$(TARGET_NAME)";
				SWIFT_VERSION = 3.0;
			};
			name = Release;
		};
/* End XCBuildConfiguration section */

/* Begin XCConfigurationList section */
		82CF69891D912B2C00890864 /* Build configuration list for PBXProject "Project 06 - VideoBackground" */ = {
			isa = XCConfigurationList;
			buildConfigurations = (
				82CF699E1D912B2C00890864 /* Debug */,
				82CF699F1D912B2C00890864 /* Release */,
			);
			defaultConfigurationIsVisible = 0;
			defaultConfigurationName = Release;
		};
		82CF69A01D912B2C00890864 /* Build configuration list for PBXNativeTarget "Project 06 - VideoBackground" */ = {
			isa = XCConfigurationList;
			buildConfigurations = (
				82CF69A11D912B2C00890864 /* Debug */,
				82CF69A21D912B2C00890864 /* Release */,
			);
			defaultConfigurationIsVisible = 0;
			defaultConfigurationName = Release;
		};
/* End XCConfigurationList section */
	};
	rootObject = 82CF69861D912B2C00890864 /* Project object */;
}
