// !$*UTF8*$!
{
	archiveVersion = 1;
	classes = {
	};
	objectVersion = 46;
	objects = {

/* Begin PBXBuildFile section */
		8293069B1D215B1400FF7C65 /* AppDelegate.swift in Sources */ = {isa = PBXBuildFile; fileRef = 8293069A1D215B1400FF7C65 /* AppDelegate.swift */; };
		8293069D1D215B1400FF7C65 /* ViewController.swift in Sources */ = {isa = PBXBuildFile; fileRef = 8293069C1D215B1400FF7C65 /* ViewController.swift */; };
		829306A01D215B1400FF7C65 /* Main.storyboard in Resources */ = {isa = PBXBuildFile; fileRef = 8293069E1D215B1400FF7C65 /* Main.storyboard */; };
		829306A21D215B1400FF7C65 /* Assets.xcassets in Resources */ = {isa = PBXBuildFile; fileRef = 829306A11D215B1400FF7C65 /* Assets.xcassets */; };
		829306A51D215B1400FF7C65 /* LaunchScreen.storyboard in Resources */ = {isa = PBXBuildFile; fileRef = 829306A31D215B1400FF7C65 /* LaunchScreen.storyboard */; };
		829306AF1D21630000FF7C65 /* MapAnnotation.swift in Sources */ = {isa = PBXBuildFile; fileRef = 829306AE1D21630000FF7C65 /* MapAnnotation.swift */; };
		829306B11D21651500FF7C65 /* flag.png in Resources */ = {isa = PBXBuildFile; fileRef = 829306B01D21651500FF7C65 /* flag.png */; };
/* End PBXBuildFile section */

/* Begin PBXFileReference section */
		829306971D215B1400FF7C65 /* Project 01 - UIImage Resize.app */ = {isa = PBXFileReference; explicitFileType = wrapper.application; includeInIndex = 0; path = "Project 01 - UIImage Resize.app"; sourceTree = BUILT_PRODUCTS_DIR; };
		8293069A1D215B1400FF7C65 /* AppDelegate.swift */ = {isa = PBXFileReference; lastKnownFileType = sourcecode.swift; path = AppDelegate.swift; sourceTree = "<group>"; };
		8293069C1D215B1400FF7C65 /* ViewController.swift */ = {isa = PBXFileReference; lastKnownFileType = sourcecode.swift; path = ViewController.swift; sourceTree = "<group>"; };
		8293069F1D215B1400FF7C65 /* Base */ = {isa = PBXFileReference; lastKnownFileType = file.storyboard; name = Base; path = Base.lproj/Main.storyboard; sourceTree = "<group>"; };
		829306A11D215B1400FF7C65 /* Assets.xcassets */ = {isa = PBXFileReference; lastKnownFileType = folder.assetcatalog; path = Assets.xcassets; sourceTree = "<group>"; };
		829306A41D215B1400FF7C65 /* Base */ = {isa = PBXFileReference; lastKnownFileType = file.storyboard; name = Base; path = Base.lproj/LaunchScreen.storyboard; sourceTree = "<group>"; };
		829306A61D215B1400FF7C65 /* Info.plist */ = {isa = PBXFileReference; lastKnownFileType = text.plist.xml; path = Info.plist; sourceTree = "<group>"; };
		829306AE1D21630000FF7C65 /* MapAnnotation.swift */ = {isa = PBXFileReference; fileEncoding = 4; lastKnownFileType = sourcecode.swift; path = MapAnnotation.swift; sourceTree = "<group>"; };
		829306B01D21651500FF7C65 /* flag.png */ = {isa = PBXFileReference; lastKnownFileType = image.png; path = flag.png; sourceTree = "<group>"; };
/* End PBXFileReference section */

/* Begin PBXFrameworksBuildPhase section */
		829306941D215B1400FF7C65 /* Frameworks */ = {
			isa = PBXFrameworksBuildPhase;
			buildActionMask = 2147483647;
			files = (
			);
			runOnlyForDeploymentPostprocessing = 0;
		};
/* End PBXFrameworksBuildPhase section */

/* Begin PBXGroup section */
		8293068E1D215B1400FF7C65 = {
			isa = PBXGroup;
			children = (
				829306991D215B1400FF7C65 /* Project 01 - UIImage Resize */,
				829306981D215B1400FF7C65 /* Products */,
			);
			sourceTree = "<group>";
		};
		829306981D215B1400FF7C65 /* Products */ = {
			isa = PBXGroup;
			children = (
				829306971D215B1400FF7C65 /* Project 01 - UIImage Resize.app */,
			);
			name = Products;
			sourceTree = "<group>";
		};
		829306991D215B1400FF7C65 /* Project 01 - UIImage Resize */ = {
			isa = PBXGroup;
			children = (
				8293069A1D215B1400FF7C65 /* AppDelegate.swift */,
				8293069C1D215B1400FF7C65 /* ViewController.swift */,
				8293069E1D215B1400FF7C65 /* Main.storyboard */,
				829306A11D215B1400FF7C65 /* Assets.xcassets */,
				829306B01D21651500FF7C65 /* flag.png */,
				829306A31D215B1400FF7C65 /* LaunchScreen.storyboard */,
				829306A61D215B1400FF7C65 /* Info.plist */,
				829306AE1D21630000FF7C65 /* MapAnnotation.swift */,
			);
			path = "Project 01 - UIImage Resize";
			sourceTree = "<group>";
		};
/* End PBXGroup section */

/* Begin PBXNativeTarget section */
		829306961D215B1400FF7C65 /* Project 01 - UIImage Resize */ = {
			isa = PBXNativeTarget;
			buildConfigurationList = 829306A91D215B1400FF7C65 /* Build configuration list for PBXNativeTarget "Project 01 - UIImage Resize" */;
			buildPhases = (
				829306931D215B1400FF7C65 /* Sources */,
				829306941D215B1400FF7C65 /* Frameworks */,
				829306951D215B1400FF7C65 /* Resources */,
			);
			buildRules = (
			);
			dependencies = (
			);
			name = "Project 01 - UIImage Resize";
			productName = "Project 01 - UIImage Resize";
			productReference = 829306971D215B1400FF7C65 /* Project 01 - UIImage Resize.app */;
			productType = "com.apple.product-type.application";
		};
/* End PBXNativeTarget section */

/* Begin PBXProject section */
		8293068F1D215B1400FF7C65 /* Project object */ = {
			isa = PBXProject;
			attributes = {
				LastSwiftUpdateCheck = 0730;
				LastUpgradeCheck = 0810;
				ORGANIZATIONNAME = Jamie;
				TargetAttributes = {
					829306961D215B1400FF7C65 = {
						CreatedOnToolsVersion = 7.3.1;
						DevelopmentTeam = 3L5M8EX7ZW;
						LastSwiftMigration = 0800;
					};
				};
			};
			buildConfigurationList = 829306921D215B1400FF7C65 /* Build configuration list for PBXProject "Project 01 - UIImage Resize" */;
			compatibilityVersion = "Xcode 3.2";
			developmentRegion = English;
			hasScannedForEncodings = 0;
			knownRegions = (
				en,
				Base,
			);
			mainGroup = 8293068E1D215B1400FF7C65;
			productRefGroup = 829306981D215B1400FF7C65 /* Products */;
			projectDirPath = "";
			projectRoot = "";
			targets = (
				829306961D215B1400FF7C65 /* Project 01 - UIImage Resize */,
			);
		};
/* End PBXProject section */

/* Begin PBXResourcesBuildPhase section */
		829306951D215B1400FF7C65 /* Resources */ = {
			isa = PBXResourcesBuildPhase;
			buildActionMask = 2147483647;
			files = (
				829306A51D215B1400FF7C65 /* LaunchScreen.storyboard in Resources */,
				829306B11D21651500FF7C65 /* flag.png in Resources */,
				829306A21D215B1400FF7C65 /* Assets.xcassets in Resources */,
				829306A01D215B1400FF7C65 /* Main.storyboard in Resources */,
			);
			runOnlyForDeploymentPostprocessing = 0;
		};
/* End PBXResourcesBuildPhase section */

/* Begin PBXSourcesBuildPhase section */
		829306931D215B1400FF7C65 /* Sources */ = {
			isa = PBXSourcesBuildPhase;
			buildActionMask = 2147483647;
			files = (
				8293069D1D215B1400FF7C65 /* ViewController.swift in Sources */,
				8293069B1D215B1400FF7C65 /* AppDelegate.swift in Sources */,
				829306AF1D21630000FF7C65 /* MapAnnotation.swift in Sources */,
			);
			runOnlyForDeploymentPostprocessing = 0;
		};
/* End PBXSourcesBuildPhase section */

/* Begin PBXVariantGroup section */
		8293069E1D215B1400FF7C65 /* Main.storyboard */ = {
			isa = PBXVariantGroup;
			children = (
				8293069F1D215B1400FF7C65 /* Base */,
			);
			name = Main.storyboard;
			sourceTree = "<group>";
		};
		829306A31D215B1400FF7C65 /* LaunchScreen.storyboard */ = {
			isa = PBXVariantGroup;
			children = (
				829306A41D215B1400FF7C65 /* Base */,
			);
			name = LaunchScreen.storyboard;
			sourceTree = "<group>";
		};
/* End PBXVariantGroup section */

/* Begin XCBuildConfiguration section */
		829306A71D215B1400FF7C65 /* Debug */ = {
			isa = XCBuildConfiguration;
			buildSettings = {
				ALWAYS_SEARCH_USER_PATHS = NO;
				CLANG_ANALYZER_NONNULL = YES;
				CLANG_CXX_LANGUAGE_STANDARD = "gnu++0x";
				CLANG_CXX_LIBRARY = "libc++";
				CLANG_ENABLE_MODULES = YES;
				CLANG_ENABLE_OBJC_ARC = YES;
				CLANG_WARN_BOOL_CONVERSION = YES;
				CLANG_WARN_CONSTANT_CONVERSION = YES;
				CLANG_WARN_DIRECT_OBJC_ISA_USAGE = YES_ERROR;
				CLANG_WARN_EMPTY_BODY = YES;
				CLANG_WARN_ENUM_CONVERSION = YES;
				CLANG_WARN_INFINITE_RECURSION = YES;
				CLANG_WARN_INT_CONVERSION = YES;
				CLANG_WARN_OBJC_ROOT_CLASS = YES_ERROR;
				CLANG_WARN_SUSPICIOUS_MOVE = YES;
				CLANG_WARN_UNREACHABLE_CODE = YES;
				CLANG_WARN__DUPLICATE_METHOD_MATCH = YES;
				"CODE_SIGN_IDENTITY[sdk=iphoneos*]" = "iPhone Developer";
				COPY_PHASE_STRIP = NO;
				DEBUG_INFORMATION_FORMAT = dwarf;
				ENABLE_STRICT_OBJC_MSGSEND = YES;
				ENABLE_TESTABILITY = YES;
				GCC_C_LANGUAGE_STANDARD = gnu99;
				GCC_DYNAMIC_NO_PIC = NO;
				GCC_NO_COMMON_BLOCKS = YES;
				GCC_OPTIMIZATION_LEVEL = 0;
				GCC_PREPROCESSOR_DEFINITIONS = (
					"DEBUG=1",
					"$(inherited)",
				);
				GCC_WARN_64_TO_32_BIT_CONVERSION = YES;
				GCC_WARN_ABOUT_RETURN_TYPE = YES_ERROR;
				GCC_WARN_UNDECLARED_SELECTOR = YES;
				GCC_WARN_UNINITIALIZED_AUTOS = YES_AGGRESSIVE;
				GCC_WARN_UNUSED_FUNCTION = YES;
				GCC_WARN_UNUSED_VARIABLE = YES;
				IPHONEOS_DEPLOYMENT_TARGET = 9.3;
				MTL_ENABLE_DEBUG_INFO = YES;
				ONLY_ACTIVE_ARCH = YES;
				SDKROOT = iphoneos;
				SWIFT_OPTIMIZATION_LEVEL = "-Onone";
			};
			name = Debug;
		};
		829306A81D215B1400FF7C65 /* Release */ = {
			isa = XCBuildConfiguration;
			buildSettings = {
				ALWAYS_SEARCH_USER_PATHS = NO;
				CLANG_ANALYZER_NONNULL = YES;
				CLANG_CXX_LANGUAGE_STANDARD = "gnu++0x";
				CLANG_CXX_LIBRARY = "libc++";
				CLANG_ENABLE_MODULES = YES;
				CLANG_ENABLE_OBJC_ARC = YES;
				CLANG_WARN_BOOL_CONVERSION = YES;
				CLANG_WARN_CONSTANT_CONVERSION = YES;
				CLANG_WARN_DIRECT_OBJC_ISA_USAGE = YES_ERROR;
				CLANG_WARN_EMPTY_BODY = YES;
				CLANG_WARN_ENUM_CONVERSION = YES;
				CLANG_WARN_INFINITE_RECURSION = YES;
				CLANG_WARN_INT_CONVERSION = YES;
				CLANG_WARN_OBJC_ROOT_CLASS = YES_ERROR;
				CLANG_WARN_SUSPICIOUS_MOVE = YES;
				CLANG_WARN_UNREACHABLE_CODE = YES;
				CLANG_WARN__DUPLICATE_METHOD_MATCH = YES;
				"CODE_SIGN_IDENTITY[sdk=iphoneos*]" = "iPhone Developer";
				COPY_PHASE_STRIP = NO;
				DEBUG_INFORMATION_FORMAT = "dwarf-with-dsym";
				ENABLE_NS_ASSERTIONS = NO;
				ENABLE_STRICT_OBJC_MSGSEND = YES;
				GCC_C_LANGUAGE_STANDARD = gnu99;
				GCC_NO_COMMON_BLOCKS = YES;
				GCC_WARN_64_TO_32_BIT_CONVERSION = YES;
				GCC_WARN_ABOUT_RETURN_TYPE = YES_ERROR;
				GCC_WARN_UNDECLARED_SELECTOR = YES;
				GCC_WARN_UNINITIALIZED_AUTOS = YES_AGGRESSIVE;
				GCC_WARN_UNUSED_FUNCTION = YES;
				GCC_WARN_UNUSED_VARIABLE = YES;
				IPHONEOS_DEPLOYMENT_TARGET = 9.3;
				MTL_ENABLE_DEBUG_INFO = NO;
				SDKROOT = iphoneos;
				SWIFT_OPTIMIZATION_LEVEL = "-Owholemodule";
				VALIDATE_PRODUCT = YES;
			};
			name = Release;
		};
		829306AA1D215B1400FF7C65 /* Debug */ = {
			isa = XCBuildConfiguration;
			buildSettings = {
				ASSETCATALOG_COMPILER_APPICON_NAME = AppIcon;
				DEVELOPMENT_TEAM = 3L5M8EX7ZW;
				INFOPLIST_FILE = "Project 01 - UIImage Resize/Info.plist";
				LD_RUNPATH_SEARCH_PATHS = "$(inherited) @executable_path/Frameworks";
				PRODUCT_BUNDLE_IDENTIFIER = "com.jamie.Project-01---UIImage-Resize";
				PRODUCT_NAME = "$(TARGET_NAME)";
				SWIFT_VERSION = 3.0;
			};
			name = Debug;
		};
		829306AB1D215B1400FF7C65 /* Release */ = {
			isa = XCBuildConfiguration;
			buildSettings = {
				ASSETCATALOG_COMPILER_APPICON_NAME = AppIcon;
				DEVELOPMENT_TEAM = 3L5M8EX7ZW;
				INFOPLIST_FILE = "Project 01 - UIImage Resize/Info.plist";
				LD_RUNPATH_SEARCH_PATHS = "$(inherited) @executable_path/Frameworks";
				PRODUCT_BUNDLE_IDENTIFIER = "com.jamie.Project-01---UIImage-Resize";
				PRODUCT_NAME = "$(TARGET_NAME)";
				SWIFT_VERSION = 3.0;
			};
			name = Release;
		};
/* End XCBuildConfiguration section */

/* Begin XCConfigurationList section */
		829306921D215B1400FF7C65 /* Build configuration list for PBXProject "Project 01 - UIImage Resize" */ = {
			isa = XCConfigurationList;
			buildConfigurations = (
				829306A71D215B1400FF7C65 /* Debug */,
				829306A81D215B1400FF7C65 /* Release */,
			);
			defaultConfigurationIsVisible = 0;
			defaultConfigurationName = Release;
		};
		829306A91D215B1400FF7C65 /* Build configuration list for PBXNativeTarget "Project 01 - UIImage Resize" */ = {
			isa = XCConfigurationList;
			buildConfigurations = (
				829306AA1D215B1400FF7C65 /* Debug */,
				829306AB1D215B1400FF7C65 /* Release */,
			);
			defaultConfigurationIsVisible = 0;
			defaultConfigurationName = Release;
		};
/* End XCConfigurationList section */
	};
	rootObject = 8293068F1D215B1400FF7C65 /* Project object */;
}
