// !$*UTF8*$!
{
	archiveVersion = 1;
	classes = {
	};
	objectVersion = 48;
	objects = {

/* Begin PBXBuildFile section */
		7DDEE90320622B4D00CD2706 /* AppDelegate.swift in Sources */ = {isa = PBXBuildFile; fileRef = 7DDEE90220622B4D00CD2706 /* AppDelegate.swift */; };
		7DDEE90520622B4D00CD2706 /* ViewController.swift in Sources */ = {isa = PBXBuildFile; fileRef = 7DDEE90420622B4D00CD2706 /* ViewController.swift */; };
		7DDEE90820622B4D00CD2706 /* Main.storyboard in Resources */ = {isa = PBXBuildFile; fileRef = 7DDEE90620622B4D00CD2706 /* Main.storyboard */; };
		7DDEE90A20622B4D00CD2706 /* Assets.xcassets in Resources */ = {isa = PBXBuildFile; fileRef = 7DDEE90920622B4D00CD2706 /* Assets.xcassets */; };
		7DDEE90D20622B4D00CD2706 /* LaunchScreen.storyboard in Resources */ = {isa = PBXBuildFile; fileRef = 7DDEE90B20622B4D00CD2706 /* LaunchScreen.storyboard */; };
		7DDEE91820622B4D00CD2706 /* Project_10___Window_EffectTests.swift in Sources */ = {isa = PBXBuildFile; fileRef = 7DDEE91720622B4D00CD2706 /* Project_10___Window_EffectTests.swift */; };
		7DDEE92320622B4D00CD2706 /* Project_10___Window_EffectUITests.swift in Sources */ = {isa = PBXBuildFile; fileRef = 7DDEE92220622B4D00CD2706 /* Project_10___Window_EffectUITests.swift */; };
		7DDEE93120622B9700CD2706 /* HYTableViewController.swift in Sources */ = {isa = PBXBuildFile; fileRef = 7DDEE93020622B9700CD2706 /* HYTableViewController.swift */; };
		7DDEE93320622C8100CD2706 /* HYTableViewWindowCell.swift in Sources */ = {isa = PBXBuildFile; fileRef = 7DDEE93220622C8100CD2706 /* HYTableViewWindowCell.swift */; };
/* End PBXBuildFile section */

/* Begin PBXContainerItemProxy section */
		7DDEE91420622B4D00CD2706 /* PBXContainerItemProxy */ = {
			isa = PBXContainerItemProxy;
			containerPortal = 7DDEE8F720622B4D00CD2706 /* Project object */;
			proxyType = 1;
			remoteGlobalIDString = 7DDEE8FE20622B4D00CD2706;
			remoteInfo = "Project 10 - Window Effect";
		};
		7DDEE91F20622B4D00CD2706 /* PBXContainerItemProxy */ = {
			isa = PBXContainerItemProxy;
			containerPortal = 7DDEE8F720622B4D00CD2706 /* Project object */;
			proxyType = 1;
			remoteGlobalIDString = 7DDEE8FE20622B4D00CD2706;
			remoteInfo = "Project 10 - Window Effect";
		};
/* End PBXContainerItemProxy section */

/* Begin PBXFileReference section */
		7DDEE8FF20622B4D00CD2706 /* Project 10 - Window Effect.app */ = {isa = PBXFileReference; explicitFileType = wrapper.application; includeInIndex = 0; path = "Project 10 - Window Effect.app"; sourceTree = BUILT_PRODUCTS_DIR; };
		7DDEE90220622B4D00CD2706 /* AppDelegate.swift */ = {isa = PBXFileReference; lastKnownFileType = sourcecode.swift; path = AppDelegate.swift; sourceTree = "<group>"; };
		7DDEE90420622B4D00CD2706 /* ViewController.swift */ = {isa = PBXFileReference; lastKnownFileType = sourcecode.swift; path = ViewController.swift; sourceTree = "<group>"; };
		7DDEE90720622B4D00CD2706 /* Base */ = {isa = PBXFileReference; lastKnownFileType = file.storyboard; name = Base; path = Base.lproj/Main.storyboard; sourceTree = "<group>"; };
		7DDEE90920622B4D00CD2706 /* Assets.xcassets */ = {isa = PBXFileReference; lastKnownFileType = folder.assetcatalog; path = Assets.xcassets; sourceTree = "<group>"; };
		7DDEE90C20622B4D00CD2706 /* Base */ = {isa = PBXFileReference; lastKnownFileType = file.storyboard; name = Base; path = Base.lproj/LaunchScreen.storyboard; sourceTree = "<group>"; };
		7DDEE90E20622B4D00CD2706 /* Info.plist */ = {isa = PBXFileReference; lastKnownFileType = text.plist.xml; path = Info.plist; sourceTree = "<group>"; };
		7DDEE91320622B4D00CD2706 /* Project 10 - Window EffectTests.xctest */ = {isa = PBXFileReference; explicitFileType = wrapper.cfbundle; includeInIndex = 0; path = "Project 10 - Window EffectTests.xctest"; sourceTree = BUILT_PRODUCTS_DIR; };
		7DDEE91720622B4D00CD2706 /* Project_10___Window_EffectTests.swift */ = {isa = PBXFileReference; lastKnownFileType = sourcecode.swift; path = "Project_10___Window_EffectTests.swift"; sourceTree = "<group>"; };
		7DDEE91920622B4D00CD2706 /* Info.plist */ = {isa = PBXFileReference; lastKnownFileType = text.plist.xml; path = Info.plist; sourceTree = "<group>"; };
		7DDEE91E20622B4D00CD2706 /* Project 10 - Window EffectUITests.xctest */ = {isa = PBXFileReference; explicitFileType = wrapper.cfbundle; includeInIndex = 0; path = "Project 10 - Window EffectUITests.xctest"; sourceTree = BUILT_PRODUCTS_DIR; };
		7DDEE92220622B4D00CD2706 /* Project_10___Window_EffectUITests.swift */ = {isa = PBXFileReference; lastKnownFileType = sourcecode.swift; path = "Project_10___Window_EffectUITests.swift"; sourceTree = "<group>"; };
		7DDEE92420622B4D00CD2706 /* Info.plist */ = {isa = PBXFileReference; lastKnownFileType = text.plist.xml; path = Info.plist; sourceTree = "<group>"; };
		7DDEE93020622B9700CD2706 /* HYTableViewController.swift */ = {isa = PBXFileReference; lastKnownFileType = sourcecode.swift; path = HYTableViewController.swift; sourceTree = "<group>"; };
		7DDEE93220622C8100CD2706 /* HYTableViewWindowCell.swift */ = {isa = PBXFileReference; lastKnownFileType = sourcecode.swift; path = HYTableViewWindowCell.swift; sourceTree = "<group>"; };
/* End PBXFileReference section */

/* Begin PBXFrameworksBuildPhase section */
		7DDEE8FC20622B4D00CD2706 /* Frameworks */ = {
			isa = PBXFrameworksBuildPhase;
			buildActionMask = 2147483647;
			files = (
			);
			runOnlyForDeploymentPostprocessing = 0;
		};
		7DDEE91020622B4D00CD2706 /* Frameworks */ = {
			isa = PBXFrameworksBuildPhase;
			buildActionMask = 2147483647;
			files = (
			);
			runOnlyForDeploymentPostprocessing = 0;
		};
		7DDEE91B20622B4D00CD2706 /* Frameworks */ = {
			isa = PBXFrameworksBuildPhase;
			buildActionMask = 2147483647;
			files = (
			);
			runOnlyForDeploymentPostprocessing = 0;
		};
/* End PBXFrameworksBuildPhase section */

/* Begin PBXGroup section */
		7DDEE8F620622B4D00CD2706 = {
			isa = PBXGroup;
			children = (
				7DDEE90120622B4D00CD2706 /* Project 10 - Window Effect */,
				7DDEE91620622B4D00CD2706 /* Project 10 - Window EffectTests */,
				7DDEE92120622B4D00CD2706 /* Project 10 - Window EffectUITests */,
				7DDEE90020622B4D00CD2706 /* Products */,
			);
			sourceTree = "<group>";
		};
		7DDEE90020622B4D00CD2706 /* Products */ = {
			isa = PBXGroup;
			children = (
				7DDEE8FF20622B4D00CD2706 /* Project 10 - Window Effect.app */,
				7DDEE91320622B4D00CD2706 /* Project 10 - Window EffectTests.xctest */,
				7DDEE91E20622B4D00CD2706 /* Project 10 - Window EffectUITests.xctest */,
			);
			name = Products;
			sourceTree = "<group>";
		};
		7DDEE90120622B4D00CD2706 /* Project 10 - Window Effect */ = {
			isa = PBXGroup;
			children = (
				7DDEE90220622B4D00CD2706 /* AppDelegate.swift */,
				7DDEE90420622B4D00CD2706 /* ViewController.swift */,
				7DDEE90620622B4D00CD2706 /* Main.storyboard */,
				7DDEE90920622B4D00CD2706 /* Assets.xcassets */,
				7DDEE90B20622B4D00CD2706 /* LaunchScreen.storyboard */,
				7DDEE90E20622B4D00CD2706 /* Info.plist */,
				7DDEE93020622B9700CD2706 /* HYTableViewController.swift */,
				7DDEE93220622C8100CD2706 /* HYTableViewWindowCell.swift */,
			);
			path = "Project 10 - Window Effect";
			sourceTree = "<group>";
		};
		7DDEE91620622B4D00CD2706 /* Project 10 - Window EffectTests */ = {
			isa = PBXGroup;
			children = (
				7DDEE91720622B4D00CD2706 /* Project_10___Window_EffectTests.swift */,
				7DDEE91920622B4D00CD2706 /* Info.plist */,
			);
			path = "Project 10 - Window EffectTests";
			sourceTree = "<group>";
		};
		7DDEE92120622B4D00CD2706 /* Project 10 - Window EffectUITests */ = {
			isa = PBXGroup;
			children = (
				7DDEE92220622B4D00CD2706 /* Project_10___Window_EffectUITests.swift */,
				7DDEE92420622B4D00CD2706 /* Info.plist */,
			);
			path = "Project 10 - Window EffectUITests";
			sourceTree = "<group>";
		};
/* End PBXGroup section */

/* Begin PBXNativeTarget section */
		7DDEE8FE20622B4D00CD2706 /* Project 10 - Window Effect */ = {
			isa = PBXNativeTarget;
			buildConfigurationList = 7DDEE92720622B4D00CD2706 /* Build configuration list for PBXNativeTarget "Project 10 - Window Effect" */;
			buildPhases = (
				7DDEE8FB20622B4D00CD2706 /* Sources */,
				7DDEE8FC20622B4D00CD2706 /* Frameworks */,
				7DDEE8FD20622B4D00CD2706 /* Resources */,
			);
			buildRules = (
			);
			dependencies = (
			);
			name = "Project 10 - Window Effect";
			productName = "Project 10 - Window Effect";
			productReference = 7DDEE8FF20622B4D00CD2706 /* Project 10 - Window Effect.app */;
			productType = "com.apple.product-type.application";
		};
		7DDEE91220622B4D00CD2706 /* Project 10 - Window EffectTests */ = {
			isa = PBXNativeTarget;
			buildConfigurationList = 7DDEE92A20622B4D00CD2706 /* Build configuration list for PBXNativeTarget "Project 10 - Window EffectTests" */;
			buildPhases = (
				7DDEE90F20622B4D00CD2706 /* Sources */,
				7DDEE91020622B4D00CD2706 /* Frameworks */,
				7DDEE91120622B4D00CD2706 /* Resources */,
			);
			buildRules = (
			);
			dependencies = (
				7DDEE91520622B4D00CD2706 /* PBXTargetDependency */,
			);
			name = "Project 10 - Window EffectTests";
			productName = "Project 10 - Window EffectTests";
			productReference = 7DDEE91320622B4D00CD2706 /* Project 10 - Window EffectTests.xctest */;
			productType = "com.apple.product-type.bundle.unit-test";
		};
		7DDEE91D20622B4D00CD2706 /* Project 10 - Window EffectUITests */ = {
			isa = PBXNativeTarget;
			buildConfigurationList = 7DDEE92D20622B4D00CD2706 /* Build configuration list for PBXNativeTarget "Project 10 - Window EffectUITests" */;
			buildPhases = (
				7DDEE91A20622B4D00CD2706 /* Sources */,
				7DDEE91B20622B4D00CD2706 /* Frameworks */,
				7DDEE91C20622B4D00CD2706 /* Resources */,
			);
			buildRules = (
			);
			dependencies = (
				7DDEE92020622B4D00CD2706 /* PBXTargetDependency */,
			);
			name = "Project 10 - Window EffectUITests";
			productName = "Project 10 - Window EffectUITests";
			productReference = 7DDEE91E20622B4D00CD2706 /* Project 10 - Window EffectUITests.xctest */;
			productType = "com.apple.product-type.bundle.ui-testing";
		};
/* End PBXNativeTarget section */

/* Begin PBXProject section */
		7DDEE8F720622B4D00CD2706 /* Project object */ = {
			isa = PBXProject;
			attributes = {
				LastSwiftUpdateCheck = 0920;
				LastUpgradeCheck = 0920;
				ORGANIZATIONNAME = Jamie;
				TargetAttributes = {
					7DDEE8FE20622B4D00CD2706 = {
						CreatedOnToolsVersion = 9.2;
						ProvisioningStyle = Automatic;
					};
					7DDEE91220622B4D00CD2706 = {
						CreatedOnToolsVersion = 9.2;
						ProvisioningStyle = Automatic;
						TestTargetID = 7DDEE8FE20622B4D00CD2706;
					};
					7DDEE91D20622B4D00CD2706 = {
						CreatedOnToolsVersion = 9.2;
						ProvisioningStyle = Automatic;
						TestTargetID = 7DDEE8FE20622B4D00CD2706;
					};
				};
			};
			buildConfigurationList = 7DDEE8FA20622B4D00CD2706 /* Build configuration list for PBXProject "Project 10 - Window Effect" */;
			compatibilityVersion = "Xcode 8.0";
			developmentRegion = en;
			hasScannedForEncodings = 0;
			knownRegions = (
				en,
				Base,
			);
			mainGroup = 7DDEE8F620622B4D00CD2706;
			productRefGroup = 7DDEE90020622B4D00CD2706 /* Products */;
			projectDirPath = "";
			projectRoot = "";
			targets = (
				7DDEE8FE20622B4D00CD2706 /* Project 10 - Window Effect */,
				7DDEE91220622B4D00CD2706 /* Project 10 - Window EffectTests */,
				7DDEE91D20622B4D00CD2706 /* Project 10 - Window EffectUITests */,
			);
		};
/* End PBXProject section */

/* Begin PBXResourcesBuildPhase section */
		7DDEE8FD20622B4D00CD2706 /* Resources */ = {
			isa = PBXResourcesBuildPhase;
			buildActionMask = 2147483647;
			files = (
				7DDEE90D20622B4D00CD2706 /* LaunchScreen.storyboard in Resources */,
				7DDEE90A20622B4D00CD2706 /* Assets.xcassets in Resources */,
				7DDEE90820622B4D00CD2706 /* Main.storyboard in Resources */,
			);
			runOnlyForDeploymentPostprocessing = 0;
		};
		7DDEE91120622B4D00CD2706 /* Resources */ = {
			isa = PBXResourcesBuildPhase;
			buildActionMask = 2147483647;
			files = (
			);
			runOnlyForDeploymentPostprocessing = 0;
		};
		7DDEE91C20622B4D00CD2706 /* Resources */ = {
			isa = PBXResourcesBuildPhase;
			buildActionMask = 2147483647;
			files = (
			);
			runOnlyForDeploymentPostprocessing = 0;
		};
/* End PBXResourcesBuildPhase section */

/* Begin PBXSourcesBuildPhase section */
		7DDEE8FB20622B4D00CD2706 /* Sources */ = {
			isa = PBXSourcesBuildPhase;
			buildActionMask = 2147483647;
			files = (
				7DDEE90520622B4D00CD2706 /* ViewController.swift in Sources */,
				7DDEE90320622B4D00CD2706 /* AppDelegate.swift in Sources */,
				7DDEE93320622C8100CD2706 /* HYTableViewWindowCell.swift in Sources */,
				7DDEE93120622B9700CD2706 /* HYTableViewController.swift in Sources */,
			);
			runOnlyForDeploymentPostprocessing = 0;
		};
		7DDEE90F20622B4D00CD2706 /* Sources */ = {
			isa = PBXSourcesBuildPhase;
			buildActionMask = 2147483647;
			files = (
				7DDEE91820622B4D00CD2706 /* Project_10___Window_EffectTests.swift in Sources */,
			);
			runOnlyForDeploymentPostprocessing = 0;
		};
		7DDEE91A20622B4D00CD2706 /* Sources */ = {
			isa = PBXSourcesBuildPhase;
			buildActionMask = 2147483647;
			files = (
				7DDEE92320622B4D00CD2706 /* Project_10___Window_EffectUITests.swift in Sources */,
			);
			runOnlyForDeploymentPostprocessing = 0;
		};
/* End PBXSourcesBuildPhase section */

/* Begin PBXTargetDependency section */
		7DDEE91520622B4D00CD2706 /* PBXTargetDependency */ = {
			isa = PBXTargetDependency;
			target = 7DDEE8FE20622B4D00CD2706 /* Project 10 - Window Effect */;
			targetProxy = 7DDEE91420622B4D00CD2706 /* PBXContainerItemProxy */;
		};
		7DDEE92020622B4D00CD2706 /* PBXTargetDependency */ = {
			isa = PBXTargetDependency;
			target = 7DDEE8FE20622B4D00CD2706 /* Project 10 - Window Effect */;
			targetProxy = 7DDEE91F20622B4D00CD2706 /* PBXContainerItemProxy */;
		};
/* End PBXTargetDependency section */

/* Begin PBXVariantGroup section */
		7DDEE90620622B4D00CD2706 /* Main.storyboard */ = {
			isa = PBXVariantGroup;
			children = (
				7DDEE90720622B4D00CD2706 /* Base */,
			);
			name = Main.storyboard;
			sourceTree = "<group>";
		};
		7DDEE90B20622B4D00CD2706 /* LaunchScreen.storyboard */ = {
			isa = PBXVariantGroup;
			children = (
				7DDEE90C20622B4D00CD2706 /* Base */,
			);
			name = LaunchScreen.storyboard;
			sourceTree = "<group>";
		};
/* End PBXVariantGroup section */

/* Begin XCBuildConfiguration section */
		7DDEE92520622B4D00CD2706 /* Debug */ = {
			isa = XCBuildConfiguration;
			buildSettings = {
				ALWAYS_SEARCH_USER_PATHS = NO;
				CLANG_ANALYZER_NONNULL = YES;
				CLANG_ANALYZER_NUMBER_OBJECT_CONVERSION = YES_AGGRESSIVE;
				CLANG_CXX_LANGUAGE_STANDARD = "gnu++14";
				CLANG_CXX_LIBRARY = "libc++";
				CLANG_ENABLE_MODULES = YES;
				CLANG_ENABLE_OBJC_ARC = YES;
				CLANG_WARN_BLOCK_CAPTURE_AUTORELEASING = YES;
				CLANG_WARN_BOOL_CONVERSION = YES;
				CLANG_WARN_COMMA = YES;
				CLANG_WARN_CONSTANT_CONVERSION = YES;
				CLANG_WARN_DIRECT_OBJC_ISA_USAGE = YES_ERROR;
				CLANG_WARN_DOCUMENTATION_COMMENTS = YES;
				CLANG_WARN_EMPTY_BODY = YES;
				CLANG_WARN_ENUM_CONVERSION = YES;
				CLANG_WARN_INFINITE_RECURSION = YES;
				CLANG_WARN_INT_CONVERSION = YES;
				CLANG_WARN_NON_LITERAL_NULL_CONVERSION = YES;
				CLANG_WARN_OBJC_LITERAL_CONVERSION = YES;
				CLANG_WARN_OBJC_ROOT_CLASS = YES_ERROR;
				CLANG_WARN_RANGE_LOOP_ANALYSIS = YES;
				CLANG_WARN_STRICT_PROTOTYPES = YES;
				CLANG_WARN_SUSPICIOUS_MOVE = YES;
				CLANG_WARN_UNGUARDED_AVAILABILITY = YES_AGGRESSIVE;
				CLANG_WARN_UNREACHABLE_CODE = YES;
				CLANG_WARN__DUPLICATE_METHOD_MATCH = YES;
				CODE_SIGN_IDENTITY = "iPhone Developer";
				COPY_PHASE_STRIP = NO;
				DEBUG_INFORMATION_FORMAT = dwarf;
				ENABLE_STRICT_OBJC_MSGSEND = YES;
				ENABLE_TESTABILITY = YES;
				GCC_C_LANGUAGE_STANDARD = gnu11;
				GCC_DYNAMIC_NO_PIC = NO;
				GCC_NO_COMMON_BLOCKS = YES;
				GCC_OPTIMIZATION_LEVEL = 0;
				GCC_PREPROCESSOR_DEFINITIONS = (
					"DEBUG=1",
					"$(inherited)",
				);
				GCC_WARN_64_TO_32_BIT_CONVERSION = YES;
				GCC_WARN_ABOUT_RETURN_TYPE = YES_ERROR;
				GCC_WARN_UNDECLARED_SELECTOR = YES;
				GCC_WARN_UNINITIALIZED_AUTOS = YES_AGGRESSIVE;
				GCC_WARN_UNUSED_FUNCTION = YES;
				GCC_WARN_UNUSED_VARIABLE = YES;
				IPHONEOS_DEPLOYMENT_TARGET = 11.2;
				MTL_ENABLE_DEBUG_INFO = YES;
				ONLY_ACTIVE_ARCH = YES;
				SDKROOT = iphoneos;
				SWIFT_ACTIVE_COMPILATION_CONDITIONS = DEBUG;
				SWIFT_OPTIMIZATION_LEVEL = "-Onone";
			};
			name = Debug;
		};
		7DDEE92620622B4D00CD2706 /* Release */ = {
			isa = XCBuildConfiguration;
			buildSettings = {
				ALWAYS_SEARCH_USER_PATHS = NO;
				CLANG_ANALYZER_NONNULL = YES;
				CLANG_ANALYZER_NUMBER_OBJECT_CONVERSION = YES_AGGRESSIVE;
				CLANG_CXX_LANGUAGE_STANDARD = "gnu++14";
				CLANG_CXX_LIBRARY = "libc++";
				CLANG_ENABLE_MODULES = YES;
				CLANG_ENABLE_OBJC_ARC = YES;
				CLANG_WARN_BLOCK_CAPTURE_AUTORELEASING = YES;
				CLANG_WARN_BOOL_CONVERSION = YES;
				CLANG_WARN_COMMA = YES;
				CLANG_WARN_CONSTANT_CONVERSION = YES;
				CLANG_WARN_DIRECT_OBJC_ISA_USAGE = YES_ERROR;
				CLANG_WARN_DOCUMENTATION_COMMENTS = YES;
				CLANG_WARN_EMPTY_BODY = YES;
				CLANG_WARN_ENUM_CONVERSION = YES;
				CLANG_WARN_INFINITE_RECURSION = YES;
				CLANG_WARN_INT_CONVERSION = YES;
				CLANG_WARN_NON_LITERAL_NULL_CONVERSION = YES;
				CLANG_WARN_OBJC_LITERAL_CONVERSION = YES;
				CLANG_WARN_OBJC_ROOT_CLASS = YES_ERROR;
				CLANG_WARN_RANGE_LOOP_ANALYSIS = YES;
				CLANG_WARN_STRICT_PROTOTYPES = YES;
				CLANG_WARN_SUSPICIOUS_MOVE = YES;
				CLANG_WARN_UNGUARDED_AVAILABILITY = YES_AGGRESSIVE;
				CLANG_WARN_UNREACHABLE_CODE = YES;
				CLANG_WARN__DUPLICATE_METHOD_MATCH = YES;
				CODE_SIGN_IDENTITY = "iPhone Developer";
				COPY_PHASE_STRIP = NO;
				DEBUG_INFORMATION_FORMAT = "dwarf-with-dsym";
				ENABLE_NS_ASSERTIONS = NO;
				ENABLE_STRICT_OBJC_MSGSEND = YES;
				GCC_C_LANGUAGE_STANDARD = gnu11;
				GCC_NO_COMMON_BLOCKS = YES;
				GCC_WARN_64_TO_32_BIT_CONVERSION = YES;
				GCC_WARN_ABOUT_RETURN_TYPE = YES_ERROR;
				GCC_WARN_UNDECLARED_SELECTOR = YES;
				GCC_WARN_UNINITIALIZED_AUTOS = YES_AGGRESSIVE;
				GCC_WARN_UNUSED_FUNCTION = YES;
				GCC_WARN_UNUSED_VARIABLE = YES;
				IPHONEOS_DEPLOYMENT_TARGET = 11.2;
				MTL_ENABLE_DEBUG_INFO = NO;
				SDKROOT = iphoneos;
				SWIFT_OPTIMIZATION_LEVEL = "-Owholemodule";
				VALIDATE_PRODUCT = YES;
			};
			name = Release;
		};
		7DDEE92820622B4D00CD2706 /* Debug */ = {
			isa = XCBuildConfiguration;
			buildSettings = {
				ASSETCATALOG_COMPILER_APPICON_NAME = AppIcon;
				CODE_SIGN_STYLE = Automatic;
				INFOPLIST_FILE = "Project 10 - Window Effect/Info.plist";
				LD_RUNPATH_SEARCH_PATHS = "$(inherited) @executable_path/Frameworks";
				PRODUCT_BUNDLE_IDENTIFIER = "jamie.Project-10---Window-Effect";
				PRODUCT_NAME = "$(TARGET_NAME)";
				SWIFT_VERSION = 4.0;
				TARGETED_DEVICE_FAMILY = "1,2";
			};
			name = Debug;
		};
		7DDEE92920622B4D00CD2706 /* Release */ = {
			isa = XCBuildConfiguration;
			buildSettings = {
				ASSETCATALOG_COMPILER_APPICON_NAME = AppIcon;
				CODE_SIGN_STYLE = Automatic;
				INFOPLIST_FILE = "Project 10 - Window Effect/Info.plist";
				LD_RUNPATH_SEARCH_PATHS = "$(inherited) @executable_path/Frameworks";
				PRODUCT_BUNDLE_IDENTIFIER = "jamie.Project-10---Window-Effect";
				PRODUCT_NAME = "$(TARGET_NAME)";
				SWIFT_VERSION = 4.0;
				TARGETED_DEVICE_FAMILY = "1,2";
			};
			name = Release;
		};
		7DDEE92B20622B4D00CD2706 /* Debug */ = {
			isa = XCBuildConfiguration;
			buildSettings = {
				ALWAYS_EMBED_SWIFT_STANDARD_LIBRARIES = YES;
				BUNDLE_LOADER = "$(TEST_HOST)";
				CODE_SIGN_STYLE = Automatic;
				INFOPLIST_FILE = "Project 10 - Window EffectTests/Info.plist";
				LD_RUNPATH_SEARCH_PATHS = "$(inherited) @executable_path/Frameworks @loader_path/Frameworks";
				PRODUCT_BUNDLE_IDENTIFIER = "jamie.Project-10---Window-EffectTests";
				PRODUCT_NAME = "$(TARGET_NAME)";
				SWIFT_VERSION = 4.0;
				TARGETED_DEVICE_FAMILY = "1,2";
				TEST_HOST = "$(BUILT_PRODUCTS_DIR)/Project 10 - Window Effect.app/Project 10 - Window Effect";
			};
			name = Debug;
		};
		7DDEE92C20622B4D00CD2706 /* Release */ = {
			isa = XCBuildConfiguration;
			buildSettings = {
				ALWAYS_EMBED_SWIFT_STANDARD_LIBRARIES = YES;
				BUNDLE_LOADER = "$(TEST_HOST)";
				CODE_SIGN_STYLE = Automatic;
				INFOPLIST_FILE = "Project 10 - Window EffectTests/Info.plist";
				LD_RUNPATH_SEARCH_PATHS = "$(inherited) @executable_path/Frameworks @loader_path/Frameworks";
				PRODUCT_BUNDLE_IDENTIFIER = "jamie.Project-10---Window-EffectTests";
				PRODUCT_NAME = "$(TARGET_NAME)";
				SWIFT_VERSION = 4.0;
				TARGETED_DEVICE_FAMILY = "1,2";
				TEST_HOST = "$(BUILT_PRODUCTS_DIR)/Project 10 - Window Effect.app/Project 10 - Window Effect";
			};
			name = Release;
		};
		7DDEE92E20622B4D00CD2706 /* Debug */ = {
			isa = XCBuildConfiguration;
			buildSettings = {
				ALWAYS_EMBED_SWIFT_STANDARD_LIBRARIES = YES;
				CODE_SIGN_STYLE = Automatic;
				INFOPLIST_FILE = "Project 10 - Window EffectUITests/Info.plist";
				LD_RUNPATH_SEARCH_PATHS = "$(inherited) @executable_path/Frameworks @loader_path/Frameworks";
				PRODUCT_BUNDLE_IDENTIFIER = "jamie.Project-10---Window-EffectUITests";
				PRODUCT_NAME = "$(TARGET_NAME)";
				SWIFT_VERSION = 4.0;
				TARGETED_DEVICE_FAMILY = "1,2";
				TEST_TARGET_NAME = "Project 10 - Window Effect";
			};
			name = Debug;
		};
		7DDEE92F20622B4D00CD2706 /* Release */ = {
			isa = XCBuildConfiguration;
			buildSettings = {
				ALWAYS_EMBED_SWIFT_STANDARD_LIBRARIES = YES;
				CODE_SIGN_STYLE = Automatic;
				INFOPLIST_FILE = "Project 10 - Window EffectUITests/Info.plist";
				LD_RUNPATH_SEARCH_PATHS = "$(inherited) @executable_path/Frameworks @loader_path/Frameworks";
				PRODUCT_BUNDLE_IDENTIFIER = "jamie.Project-10---Window-EffectUITests";
				PRODUCT_NAME = "$(TARGET_NAME)";
				SWIFT_VERSION = 4.0;
				TARGETED_DEVICE_FAMILY = "1,2";
				TEST_TARGET_NAME = "Project 10 - Window Effect";
			};
			name = Release;
		};
/* End XCBuildConfiguration section */

/* Begin XCConfigurationList section */
		7DDEE8FA20622B4D00CD2706 /* Build configuration list for PBXProject "Project 10 - Window Effect" */ = {
			isa = XCConfigurationList;
			buildConfigurations = (
				7DDEE92520622B4D00CD2706 /* Debug */,
				7DDEE92620622B4D00CD2706 /* Release */,
			);
			defaultConfigurationIsVisible = 0;
			defaultConfigurationName = Release;
		};
		7DDEE92720622B4D00CD2706 /* Build configuration list for PBXNativeTarget "Project 10 - Window Effect" */ = {
			isa = XCConfigurationList;
			buildConfigurations = (
				7DDEE92820622B4D00CD2706 /* Debug */,
				7DDEE92920622B4D00CD2706 /* Release */,
			);
			defaultConfigurationIsVisible = 0;
			defaultConfigurationName = Release;
		};
		7DDEE92A20622B4D00CD2706 /* Build configuration list for PBXNativeTarget "Project 10 - Window EffectTests" */ = {
			isa = XCConfigurationList;
			buildConfigurations = (
				7DDEE92B20622B4D00CD2706 /* Debug */,
				7DDEE92C20622B4D00CD2706 /* Release */,
			);
			defaultConfigurationIsVisible = 0;
			defaultConfigurationName = Release;
		};
		7DDEE92D20622B4D00CD2706 /* Build configuration list for PBXNativeTarget "Project 10 - Window EffectUITests" */ = {
			isa = XCConfigurationList;
			buildConfigurations = (
				7DDEE92E20622B4D00CD2706 /* Debug */,
				7DDEE92F20622B4D00CD2706 /* Release */,
			);
			defaultConfigurationIsVisible = 0;
			defaultConfigurationName = Release;
		};
/* End XCConfigurationList section */
	};
	rootObject = 7DDEE8F720622B4D00CD2706 /* Project object */;
}
